// !$*UTF8*$!
{
	archiveVersion = 1;
	classes = {
	};
	objectVersion = 50;
	objects = {

/* Begin PBXBuildFile section */
		496F633E2269D1510056EB1A /* CoreLocation.framework in Frameworks */ = {isa = PBXBuildFile; fileRef = 496F633D2269D1510056EB1A /* CoreLocation.framework */; };
		49D12EB72265E4D80013F263 /* AppDelegate.swift in Sources */ = {isa = PBXBuildFile; fileRef = 49D12EB62265E4D80013F263 /* AppDelegate.swift */; };
		49D12EB92265E4D80013F263 /* ViewController.swift in Sources */ = {isa = PBXBuildFile; fileRef = 49D12EB82265E4D80013F263 /* ViewController.swift */; };
		49D12EBC2265E4D80013F263 /* Main.storyboard in Resources */ = {isa = PBXBuildFile; fileRef = 49D12EBA2265E4D80013F263 /* Main.storyboard */; };
		49D12EBE2265E4D90013F263 /* Assets.xcassets in Resources */ = {isa = PBXBuildFile; fileRef = 49D12EBD2265E4D90013F263 /* Assets.xcassets */; };
		49D12EC12265E4D90013F263 /* LaunchScreen.storyboard in Resources */ = {isa = PBXBuildFile; fileRef = 49D12EBF2265E4D90013F263 /* LaunchScreen.storyboard */; };
		49D12ECC2265E4D90013F263 /* GeohashingTests.swift in Sources */ = {isa = PBXBuildFile; fileRef = 49D12ECB2265E4D90013F263 /* GeohashingTests.swift */; };
/* End PBXBuildFile section */

/* Begin PBXContainerItemProxy section */
		49D12EC82265E4D90013F263 /* PBXContainerItemProxy */ = {
			isa = PBXContainerItemProxy;
			containerPortal = 49D12EAB2265E4D80013F263 /* Project object */;
			proxyType = 1;
			remoteGlobalIDString = 49D12EB22265E4D80013F263;
			remoteInfo = Geohashing;
		};
/* End PBXContainerItemProxy section */

/* Begin PBXFileReference section */
		496F633D2269D1510056EB1A /* CoreLocation.framework */ = {isa = PBXFileReference; lastKnownFileType = wrapper.framework; name = CoreLocation.framework; path = System/Library/Frameworks/CoreLocation.framework; sourceTree = SDKROOT; };
		49912852226B151B00D3B6EB /* Geohashing-Bridging-Header.h */ = {isa = PBXFileReference; lastKnownFileType = sourcecode.c.h; path = "Geohashing-Bridging-Header.h"; sourceTree = "<group>"; };
		49D12EB32265E4D80013F263 /* Geohashing.app */ = {isa = PBXFileReference; explicitFileType = wrapper.application; includeInIndex = 0; path = Geohashing.app; sourceTree = BUILT_PRODUCTS_DIR; };
		49D12EB62265E4D80013F263 /* AppDelegate.swift */ = {isa = PBXFileReference; lastKnownFileType = sourcecode.swift; path = AppDelegate.swift; sourceTree = "<group>"; };
		49D12EB82265E4D80013F263 /* ViewController.swift */ = {isa = PBXFileReference; lastKnownFileType = sourcecode.swift; path = ViewController.swift; sourceTree = "<group>"; };
		49D12EBB2265E4D80013F263 /* Base */ = {isa = PBXFileReference; lastKnownFileType = file.storyboard; name = Base; path = Base.lproj/Main.storyboard; sourceTree = "<group>"; };
		49D12EBD2265E4D90013F263 /* Assets.xcassets */ = {isa = PBXFileReference; lastKnownFileType = folder.assetcatalog; path = Assets.xcassets; sourceTree = "<group>"; };
		49D12EC02265E4D90013F263 /* Base */ = {isa = PBXFileReference; lastKnownFileType = file.storyboard; name = Base; path = Base.lproj/LaunchScreen.storyboard; sourceTree = "<group>"; };
		49D12EC22265E4D90013F263 /* Info.plist */ = {isa = PBXFileReference; lastKnownFileType = text.plist.xml; path = Info.plist; sourceTree = "<group>"; };
		49D12EC72265E4D90013F263 /* GeohashingTests.xctest */ = {isa = PBXFileReference; explicitFileType = wrapper.cfbundle; includeInIndex = 0; path = GeohashingTests.xctest; sourceTree = BUILT_PRODUCTS_DIR; };
		49D12ECB2265E4D90013F263 /* GeohashingTests.swift */ = {isa = PBXFileReference; lastKnownFileType = sourcecode.swift; path = GeohashingTests.swift; sourceTree = "<group>"; };
		49D12ECD2265E4D90013F263 /* Info.plist */ = {isa = PBXFileReference; lastKnownFileType = text.plist.xml; path = Info.plist; sourceTree = "<group>"; };
/* End PBXFileReference section */

/* Begin PBXFrameworksBuildPhase section */
		49D12EB02265E4D80013F263 /* Frameworks */ = {
			isa = PBXFrameworksBuildPhase;
			buildActionMask = 2147483647;
			files = (
				496F633E2269D1510056EB1A /* CoreLocation.framework in Frameworks */,
			);
			runOnlyForDeploymentPostprocessing = 0;
		};
		49D12EC42265E4D90013F263 /* Frameworks */ = {
			isa = PBXFrameworksBuildPhase;
			buildActionMask = 2147483647;
			files = (
			);
			runOnlyForDeploymentPostprocessing = 0;
		};
/* End PBXFrameworksBuildPhase section */

/* Begin PBXGroup section */
		496F633C2269D1510056EB1A /* Frameworks */ = {
			isa = PBXGroup;
			children = (
				496F633D2269D1510056EB1A /* CoreLocation.framework */,
			);
			name = Frameworks;
			sourceTree = "<group>";
		};
		49D12EAA2265E4D80013F263 = {
			isa = PBXGroup;
			children = (
				49D12EB52265E4D80013F263 /* Geohashing */,
				49D12ECA2265E4D90013F263 /* GeohashingTests */,
				49D12EB42265E4D80013F263 /* Products */,
				496F633C2269D1510056EB1A /* Frameworks */,
			);
			sourceTree = "<group>";
		};
		49D12EB42265E4D80013F263 /* Products */ = {
			isa = PBXGroup;
			children = (
				49D12EB32265E4D80013F263 /* Geohashing.app */,
				49D12EC72265E4D90013F263 /* GeohashingTests.xctest */,
			);
			name = Products;
			sourceTree = "<group>";
		};
		49D12EB52265E4D80013F263 /* Geohashing */ = {
			isa = PBXGroup;
			children = (
				49D12EB62265E4D80013F263 /* AppDelegate.swift */,
				49D12EB82265E4D80013F263 /* ViewController.swift */,
				49D12EBA2265E4D80013F263 /* Main.storyboard */,
				49D12EBD2265E4D90013F263 /* Assets.xcassets */,
				49D12EBF2265E4D90013F263 /* LaunchScreen.storyboard */,
				49D12EC22265E4D90013F263 /* Info.plist */,
				49912852226B151B00D3B6EB /* Geohashing-Bridging-Header.h */,
			);
			path = Geohashing;
			sourceTree = "<group>";
		};
		49D12ECA2265E4D90013F263 /* GeohashingTests */ = {
			isa = PBXGroup;
			children = (
				49D12ECB2265E4D90013F263 /* GeohashingTests.swift */,
				49D12ECD2265E4D90013F263 /* Info.plist */,
			);
			path = GeohashingTests;
			sourceTree = "<group>";
		};
/* End PBXGroup section */

/* Begin PBXNativeTarget section */
		49D12EB22265E4D80013F263 /* Geohashing */ = {
			isa = PBXNativeTarget;
			buildConfigurationList = 49D12ED02265E4D90013F263 /* Build configuration list for PBXNativeTarget "Geohashing" */;
			buildPhases = (
				49D12EAF2265E4D80013F263 /* Sources */,
				49D12EB02265E4D80013F263 /* Frameworks */,
				49D12EB12265E4D80013F263 /* Resources */,
			);
			buildRules = (
			);
			dependencies = (
			);
			name = Geohashing;
			productName = Geohashing;
			productReference = 49D12EB32265E4D80013F263 /* Geohashing.app */;
			productType = "com.apple.product-type.application";
		};
		49D12EC62265E4D90013F263 /* GeohashingTests */ = {
			isa = PBXNativeTarget;
			buildConfigurationList = 49D12ED32265E4D90013F263 /* Build configuration list for PBXNativeTarget "GeohashingTests" */;
			buildPhases = (
				49D12EC32265E4D90013F263 /* Sources */,
				49D12EC42265E4D90013F263 /* Frameworks */,
				49D12EC52265E4D90013F263 /* Resources */,
			);
			buildRules = (
			);
			dependencies = (
				49D12EC92265E4D90013F263 /* PBXTargetDependency */,
			);
			name = GeohashingTests;
			productName = GeohashingTests;
			productReference = 49D12EC72265E4D90013F263 /* GeohashingTests.xctest */;
			productType = "com.apple.product-type.bundle.unit-test";
		};
/* End PBXNativeTarget section */

/* Begin PBXProject section */
		49D12EAB2265E4D80013F263 /* Project object */ = {
			isa = PBXProject;
			attributes = {
				LastSwiftUpdateCheck = 1010;
				LastUpgradeCheck = 1010;
				ORGANIZATIONNAME = "Andrew Napier";
				TargetAttributes = {
					49D12EB22265E4D80013F263 = {
						CreatedOnToolsVersion = 10.1;
						LastSwiftMigration = 1020;
					};
					49D12EC62265E4D90013F263 = {
						CreatedOnToolsVersion = 10.1;
						TestTargetID = 49D12EB22265E4D80013F263;
					};
				};
			};
			buildConfigurationList = 49D12EAE2265E4D80013F263 /* Build configuration list for PBXProject "Geohashing" */;
			compatibilityVersion = "Xcode 9.3";
			developmentRegion = en;
			hasScannedForEncodings = 0;
			knownRegions = (
				en,
				Base,
			);
			mainGroup = 49D12EAA2265E4D80013F263;
			productRefGroup = 49D12EB42265E4D80013F263 /* Products */;
			projectDirPath = "";
			projectRoot = "";
			targets = (
				49D12EB22265E4D80013F263 /* Geohashing */,
				49D12EC62265E4D90013F263 /* GeohashingTests */,
			);
		};
/* End PBXProject section */

/* Begin PBXResourcesBuildPhase section */
		49D12EB12265E4D80013F263 /* Resources */ = {
			isa = PBXResourcesBuildPhase;
			buildActionMask = 2147483647;
			files = (
				49D12EC12265E4D90013F263 /* LaunchScreen.storyboard in Resources */,
				49D12EBE2265E4D90013F263 /* Assets.xcassets in Resources */,
				49D12EBC2265E4D80013F263 /* Main.storyboard in Resources */,
			);
			runOnlyForDeploymentPostprocessing = 0;
		};
		49D12EC52265E4D90013F263 /* Resources */ = {
			isa = PBXResourcesBuildPhase;
			buildActionMask = 2147483647;
			files = (
			);
			runOnlyForDeploymentPostprocessing = 0;
		};
/* End PBXResourcesBuildPhase section */

/* Begin PBXSourcesBuildPhase section */
		49D12EAF2265E4D80013F263 /* Sources */ = {
			isa = PBXSourcesBuildPhase;
			buildActionMask = 2147483647;
			files = (
				49D12EB92265E4D80013F263 /* ViewController.swift in Sources */,
				49D12EB72265E4D80013F263 /* AppDelegate.swift in Sources */,
			);
			runOnlyForDeploymentPostprocessing = 0;
		};
		49D12EC32265E4D90013F263 /* Sources */ = {
			isa = PBXSourcesBuildPhase;
			buildActionMask = 2147483647;
			files = (
				49D12ECC2265E4D90013F263 /* GeohashingTests.swift in Sources */,
			);
			runOnlyForDeploymentPostprocessing = 0;
		};
/* End PBXSourcesBuildPhase section */

/* Begin PBXTargetDependency section */
		49D12EC92265E4D90013F263 /* PBXTargetDependency */ = {
			isa = PBXTargetDependency;
			target = 49D12EB22265E4D80013F263 /* Geohashing */;
			targetProxy = 49D12EC82265E4D90013F263 /* PBXContainerItemProxy */;
		};
/* End PBXTargetDependency section */

/* Begin PBXVariantGroup section */
		49D12EBA2265E4D80013F263 /* Main.storyboard */ = {
			isa = PBXVariantGroup;
			children = (
				49D12EBB2265E4D80013F263 /* Base */,
			);
			name = Main.storyboard;
			sourceTree = "<group>";
		};
		49D12EBF2265E4D90013F263 /* LaunchScreen.storyboard */ = {
			isa = PBXVariantGroup;
			children = (
				49D12EC02265E4D90013F263 /* Base */,
			);
			name = LaunchScreen.storyboard;
			sourceTree = "<group>";
		};
/* End PBXVariantGroup section */

/* Begin XCBuildConfiguration section */
		49D12ECE2265E4D90013F263 /* Debug */ = {
			isa = XCBuildConfiguration;
			buildSettings = {
				ALWAYS_SEARCH_USER_PATHS = NO;
				CLANG_ANALYZER_NONNULL = YES;
				CLANG_ANALYZER_NUMBER_OBJECT_CONVERSION = YES_AGGRESSIVE;
				CLANG_CXX_LANGUAGE_STANDARD = "gnu++14";
				CLANG_CXX_LIBRARY = "libc++";
				CLANG_ENABLE_MODULES = YES;
				CLANG_ENABLE_OBJC_ARC = YES;
				CLANG_ENABLE_OBJC_WEAK = YES;
				CLANG_WARN_BLOCK_CAPTURE_AUTORELEASING = YES;
				CLANG_WARN_BOOL_CONVERSION = YES;
				CLANG_WARN_COMMA = YES;
				CLANG_WARN_CONSTANT_CONVERSION = YES;
				CLANG_WARN_DEPRECATED_OBJC_IMPLEMENTATIONS = YES;
				CLANG_WARN_DIRECT_OBJC_ISA_USAGE = YES_ERROR;
				CLANG_WARN_DOCUMENTATION_COMMENTS = YES;
				CLANG_WARN_EMPTY_BODY = YES;
				CLANG_WARN_ENUM_CONVERSION = YES;
				CLANG_WARN_INFINITE_RECURSION = YES;
				CLANG_WARN_INT_CONVERSION = YES;
				CLANG_WARN_NON_LITERAL_NULL_CONVERSION = YES;
				CLANG_WARN_OBJC_IMPLICIT_RETAIN_SELF = YES;
				CLANG_WARN_OBJC_LITERAL_CONVERSION = YES;
				CLANG_WARN_OBJC_ROOT_CLASS = YES_ERROR;
				CLANG_WARN_RANGE_LOOP_ANALYSIS = YES;
				CLANG_WARN_STRICT_PROTOTYPES = YES;
				CLANG_WARN_SUSPICIOUS_MOVE = YES;
				CLANG_WARN_UNGUARDED_AVAILABILITY = YES_AGGRESSIVE;
				CLANG_WARN_UNREACHABLE_CODE = YES;
				CLANG_WARN__DUPLICATE_METHOD_MATCH = YES;
				CODE_SIGN_IDENTITY = "iPhone Developer";
				COPY_PHASE_STRIP = NO;
				DEBUG_INFORMATION_FORMAT = dwarf;
				ENABLE_STRICT_OBJC_MSGSEND = YES;
				ENABLE_TESTABILITY = YES;
				GCC_C_LANGUAGE_STANDARD = gnu11;
				GCC_DYNAMIC_NO_PIC = NO;
				GCC_NO_COMMON_BLOCKS = YES;
				GCC_OPTIMIZATION_LEVEL = 0;
				GCC_PREPROCESSOR_DEFINITIONS = (
					"DEBUG=1",
					"$(inherited)",
				);
				GCC_WARN_64_TO_32_BIT_CONVERSION = YES;
				GCC_WARN_ABOUT_RETURN_TYPE = YES_ERROR;
				GCC_WARN_UNDECLARED_SELECTOR = YES;
				GCC_WARN_UNINITIALIZED_AUTOS = YES_AGGRESSIVE;
				GCC_WARN_UNUSED_FUNCTION = YES;
				GCC_WARN_UNUSED_VARIABLE = YES;
				IPHONEOS_DEPLOYMENT_TARGET = 12.1;
				MTL_ENABLE_DEBUG_INFO = INCLUDE_SOURCE;
				MTL_FAST_MATH = YES;
				ONLY_ACTIVE_ARCH = YES;
				SDKROOT = iphoneos;
				SWIFT_ACTIVE_COMPILATION_CONDITIONS = DEBUG;
				SWIFT_OPTIMIZATION_LEVEL = "-Onone";
			};
			name = Debug;
		};
		49D12ECF2265E4D90013F263 /* Release */ = {
			isa = XCBuildConfiguration;
			buildSettings = {
				ALWAYS_SEARCH_USER_PATHS = NO;
				CLANG_ANALYZER_NONNULL = YES;
				CLANG_ANALYZER_NUMBER_OBJECT_CONVERSION = YES_AGGRESSIVE;
				CLANG_CXX_LANGUAGE_STANDARD = "gnu++14";
				CLANG_CXX_LIBRARY = "libc++";
				CLANG_ENABLE_MODULES = YES;
				CLANG_ENABLE_OBJC_ARC = YES;
				CLANG_ENABLE_OBJC_WEAK = YES;
				CLANG_WARN_BLOCK_CAPTURE_AUTORELEASING = YES;
				CLANG_WARN_BOOL_CONVERSION = YES;
				CLANG_WARN_COMMA = YES;
				CLANG_WARN_CONSTANT_CONVERSION = YES;
				CLANG_WARN_DEPRECATED_OBJC_IMPLEMENTATIONS = YES;
				CLANG_WARN_DIRECT_OBJC_ISA_USAGE = YES_ERROR;
				CLANG_WARN_DOCUMENTATION_COMMENTS = YES;
				CLANG_WARN_EMPTY_BODY = YES;
				CLANG_WARN_ENUM_CONVERSION = YES;
				CLANG_WARN_INFINITE_RECURSION = YES;
				CLANG_WARN_INT_CONVERSION = YES;
				CLANG_WARN_NON_LITERAL_NULL_CONVERSION = YES;
				CLANG_WARN_OBJC_IMPLICIT_RETAIN_SELF = YES;
				CLANG_WARN_OBJC_LITERAL_CONVERSION = YES;
				CLANG_WARN_OBJC_ROOT_CLASS = YES_ERROR;
				CLANG_WARN_RANGE_LOOP_ANALYSIS = YES;
				CLANG_WARN_STRICT_PROTOTYPES = YES;
				CLANG_WARN_SUSPICIOUS_MOVE = YES;
				CLANG_WARN_UNGUARDED_AVAILABILITY = YES_AGGRESSIVE;
				CLANG_WARN_UNREACHABLE_CODE = YES;
				CLANG_WARN__DUPLICATE_METHOD_MATCH = YES;
				CODE_SIGN_IDENTITY = "iPhone Developer";
				COPY_PHASE_STRIP = NO;
				DEBUG_INFORMATION_FORMAT = "dwarf-with-dsym";
				ENABLE_NS_ASSERTIONS = NO;
				ENABLE_STRICT_OBJC_MSGSEND = YES;
				GCC_C_LANGUAGE_STANDARD = gnu11;
				GCC_NO_COMMON_BLOCKS = YES;
				GCC_WARN_64_TO_32_BIT_CONVERSION = YES;
				GCC_WARN_ABOUT_RETURN_TYPE = YES_ERROR;
				GCC_WARN_UNDECLARED_SELECTOR = YES;
				GCC_WARN_UNINITIALIZED_AUTOS = YES_AGGRESSIVE;
				GCC_WARN_UNUSED_FUNCTION = YES;
				GCC_WARN_UNUSED_VARIABLE = YES;
				IPHONEOS_DEPLOYMENT_TARGET = 12.1;
				MTL_ENABLE_DEBUG_INFO = NO;
				MTL_FAST_MATH = YES;
				SDKROOT = iphoneos;
				SWIFT_COMPILATION_MODE = wholemodule;
				SWIFT_OPTIMIZATION_LEVEL = "-O";
				VALIDATE_PRODUCT = YES;
			};
			name = Release;
		};
		49D12ED12265E4D90013F263 /* Debug */ = {
			isa = XCBuildConfiguration;
			buildSettings = {
				ASSETCATALOG_COMPILER_APPICON_NAME = AppIcon;
				CLANG_ENABLE_MODULES = YES;
				CODE_SIGN_STYLE = Automatic;
				DEVELOPMENT_TEAM = 53DZJ85MNU;
				INFOPLIST_FILE = Geohashing/Info.plist;
				LD_RUNPATH_SEARCH_PATHS = (
					"$(inherited)",
					"@executable_path/Frameworks",
				);
				PRODUCT_BUNDLE_IDENTIFIER = com.rolypolycat.Geohashing;
				PRODUCT_NAME = "$(TARGET_NAME)";
				SWIFT_OBJC_BRIDGING_HEADER = "Geohashing/Geohashing-Bridging-Header.h";
				SWIFT_OPTIMIZATION_LEVEL = "-Onone";
				SWIFT_VERSION = 4.2;
				TARGETED_DEVICE_FAMILY = "1,2";
			};
			name = Debug;
		};
		49D12ED22265E4D90013F263 /* Release */ = {
			isa = XCBuildConfiguration;
			buildSettings = {
				ASSETCATALOG_COMPILER_APPICON_NAME = AppIcon;
				CLANG_ENABLE_MODULES = YES;
				CODE_SIGN_STYLE = Automatic;
				DEVELOPMENT_TEAM = 53DZJ85MNU;
				INFOPLIST_FILE = Geohashing/Info.plist;
				LD_RUNPATH_SEARCH_PATHS = (
					"$(inherited)",
					"@executable_path/Frameworks",
				);
				PRODUCT_BUNDLE_IDENTIFIER = com.rolypolycat.Geohashing;
				PRODUCT_NAME = "$(TARGET_NAME)";
				SWIFT_OBJC_BRIDGING_HEADER = "Geohashing/Geohashing-Bridging-Header.h";
				SWIFT_VERSION = 4.2;
				TARGETED_DEVICE_FAMILY = "1,2";
			};
			name = Release;
		};
		49D12ED42265E4D90013F263 /* Debug */ = {
			isa = XCBuildConfiguration;
			buildSettings = {
				ALWAYS_EMBED_SWIFT_STANDARD_LIBRARIES = YES;
				BUNDLE_LOADER = "$(TEST_HOST)";
				CODE_SIGN_STYLE = Automatic;
				DEVELOPMENT_TEAM = 53DZJ85MNU;
				INFOPLIST_FILE = GeohashingTests/Info.plist;
				LD_RUNPATH_SEARCH_PATHS = (
					"$(inherited)",
					"@executable_path/Frameworks",
					"@loader_path/Frameworks",
				);
				PRODUCT_BUNDLE_IDENTIFIER = com.rolypolycat.GeohashingTests;
				PRODUCT_NAME = "$(TARGET_NAME)";
				SWIFT_VERSION = 4.2;
				TARGETED_DEVICE_FAMILY = "1,2";
				TEST_HOST = "$(BUILT_PRODUCTS_DIR)/Geohashing.app/Geohashing";
			};
			name = Debug;
		};
		49D12ED52265E4D90013F263 /* Release */ = {
			isa = XCBuildConfiguration;
			buildSettings = {
				ALWAYS_EMBED_SWIFT_STANDARD_LIBRARIES = YES;
				BUNDLE_LOADER = "$(TEST_HOST)";
				CODE_SIGN_STYLE = Automatic;
				DEVELOPMENT_TEAM = 53DZJ85MNU;
				INFOPLIST_FILE = GeohashingTests/Info.plist;
				LD_RUNPATH_SEARCH_PATHS = (
					"$(inherited)",
					"@executable_path/Frameworks",
					"@loader_path/Frameworks",
				);
				PRODUCT_BUNDLE_IDENTIFIER = com.rolypolycat.GeohashingTests;
				PRODUCT_NAME = "$(TARGET_NAME)";
				SWIFT_VERSION = 4.2;
				TARGETED_DEVICE_FAMILY = "1,2";
				TEST_HOST = "$(BUILT_PRODUCTS_DIR)/Geohashing.app/Geohashing";
			};
			name = Release;
		};
/* End XCBuildConfiguration section */

/* Begin XCConfigurationList section */
		49D12EAE2265E4D80013F263 /* Build configuration list for PBXProject "Geohashing" */ = {
			isa = XCConfigurationList;
			buildConfigurations = (
				49D12ECE2265E4D90013F263 /* Debug */,
				49D12ECF2265E4D90013F263 /* Release */,
			);
			defaultConfigurationIsVisible = 0;
			defaultConfigurationName = Release;
		};
		49D12ED02265E4D90013F263 /* Build configuration list for PBXNativeTarget "Geohashing" */ = {
			isa = XCConfigurationList;
			buildConfigurations = (
				49D12ED12265E4D90013F263 /* Debug */,
				49D12ED22265E4D90013F263 /* Release */,
			);
			defaultConfigurationIsVisible = 0;
			defaultConfigurationName = Release;
		};
		49D12ED32265E4D90013F263 /* Build configuration list for PBXNativeTarget "GeohashingTests" */ = {
			isa = XCConfigurationList;
			buildConfigurations = (
				49D12ED42265E4D90013F263 /* Debug */,
				49D12ED52265E4D90013F263 /* Release */,
			);
			defaultConfigurationIsVisible = 0;
			defaultConfigurationName = Release;
		};
/* End XCConfigurationList section */
	};
	rootObject = 49D12EAB2265E4D80013F263 /* Project object */;
}
